# THIS IS AN AUTOGENERATED FILE. DO NOT EDIT THIS FILE DIRECTLY.
# yarn lockfile v1


"@react-oauth/google@^0.11.1":
  version "0.11.1"
  resolved "https://registry.yarnpkg.com/@react-oauth/google/-/google-0.11.1.tgz#f937c8d02bd37e3a6be7713b8212e9b9b9b3f914"
  integrity sha512-tywZisXbsdaRBVbEu0VX6dRbOSL2I6DgY97woq5NMOOOz+xtDsm418vqq+Vx10KMtra3kdHMRMf0hXLWrk2RMg==
